
Microsoft Visual Studio Solution File, Format Version 12.00
# Visual Studio Version 16
VisualStudioVersion = 16.0.30011.22
MinimumVisualStudioVersion = 10.0.40219.1
Project("{9A19103F-16F7-4668-BE54-9A1E7A4F7556}") = "LocationLookup", "LocationLookup.csproj", "{0A6B990B-BDAC-4407-B733-2642E8F2A17F}"
EndProject
Global
	GlobalSection(SolutionConfigurationPlatforms) = preSolution
		Debug|Any CPU = Debug|Any CPU
		Release|Any CPU = Release|Any CPU
	EndGlobalSection
	GlobalSection(ProjectConfigurationPlatforms) = postSolution
		{0A6B990B-BDAC-4407-B733-2642E8F2A17F}.Debug|Any CPU.ActiveCfg = Debug|Any CPU
		{0A6B990B-BDAC-4407-B733-2642E8F2A17F}.Debug|Any CPU.Build.0 = Debug|Any CPU
		{0A6B990B-BDAC-4407-B733-2642E8F2A17F}.Release|Any CPU.ActiveCfg = Release|Any CPU
		{0A6B990B-BDAC-4407-B733-2642E8F2A17F}.Release|Any CPU.Build.0 = Release|Any CPU
	EndGlobalSection
	GlobalSection(SolutionProperties) = preSolution
		HideSolutionNode = FALSE
	EndGlobalSection
	GlobalSection(ExtensibilityGlobals) = postSolution
		SolutionGuid = {C74FEBC9-8C55-4FBC-ACF9-5058FFB7999E}
	EndGlobalSection
EndGlobal
